<?xml version="1.0" encoding="utf-8"?>
<Project ToolsVersion="4.0" xmlns="http://schemas.microsoft.com/developer/msbuild/2003">
  <ItemGroup>
    <Filter Include="Source Files">
      <UniqueIdentifier>{4FC737F1-C7A5-4376-A066-2A32D752A2FF}</UniqueIdentifier>
      <Extensions>cpp;c;cc;cxx;def;odl;idl;hpj;bat;asm;asmx</Extensions>
    </Filter>
    <Filter Include="Header Files">
      <UniqueIdentifier>{93995380-89BD-4b04-88EB-625FBE52EBFB}</UniqueIdentifier>
      <Extensions>h;hh;hpp;hxx;hm;inl;inc;xsd</Extensions>
    </Filter>
    <Filter Include="Resource Files">
      <UniqueIdentifier>{67DA6AB6-F800-4c08-8B7A-83BB121AAD01}</UniqueIdentifier>
      <Extensions>rc;ico;cur;bmp;dlg;rc2;rct;bin;rgs;gif;jpg;jpeg;jpe;resx;tiff;tif;png;wav;mfcribbon-ms</Extensions>
    </Filter>
    <Filter Include="Header Files\2D">
      <UniqueIdentifier>{66f2614c-2408-4aaf-bcbc-2e57ef3af638}</UniqueIdentifier>
    </Filter>
    <Filter Include="Source Files\2D">
      <UniqueIdentifier>{aa79a6b8-39da-4a5b-83df-b6775180176f}</UniqueIdentifier>
    </Filter>
    <Filter Include="Header Files\Text">
      <UniqueIdentifier>{81d77514-d2a3-4709-8d0a-7a9f4be6d965}</UniqueIdentifier>
    </Filter>
    <Filter Include="Source Files\Text">
      <UniqueIdentifier>{157b3ba5-37fe-4b36-8b16-9ebe5f9d3ada}</UniqueIdentifier>
    </Filter>
    <Filter Include="Header Files\ShaderClass">
      <UniqueIdentifier>{8d3d5978-d844-4838-a22b-e90b4c11cfdb}</UniqueIdentifier>
    </Filter>
    <Filter Include="Source Files\ShaderClass">
      <UniqueIdentifier>{be727ee5-1b58-4f88-86bd-82ac15ca4785}</UniqueIdentifier>
    </Filter>
    <Filter Include="Header Files\Input">
      <UniqueIdentifier>{bff1ec31-c993-482b-bd80-e20b1c0259ab}</UniqueIdentifier>
    </Filter>
    <Filter Include="Source Files\Input">
      <UniqueIdentifier>{7ca15f4e-6f21-4a57-8dcc-5b8b9753211d}</UniqueIdentifier>
    </Filter>
    <Filter Include="Header Files\Animation">
      <UniqueIdentifier>{98796f1d-511d-41b4-8b14-368c59a24275}</UniqueIdentifier>
    </Filter>
    <Filter Include="Header Files\Animation\2D">
      <UniqueIdentifier>{7ceb965f-22f9-4859-b7e4-9d72afa7f5e2}</UniqueIdentifier>
    </Filter>
    <Filter Include="Source Files\Animation">
      <UniqueIdentifier>{f9938eec-e91d-45e1-8870-64eb8b057690}</UniqueIdentifier>
    </Filter>
    <Filter Include="Source Files\Animation\2D">
      <UniqueIdentifier>{bfb59b91-b694-4b95-bb7d-9346cbe987d7}</UniqueIdentifier>
    </Filter>
    <Filter Include="Header Files\Timers">
      <UniqueIdentifier>{f10139b9-477c-446c-b0de-885f3612083e}</UniqueIdentifier>
    </Filter>
    <Filter Include="Source Files\Timers">
      <UniqueIdentifier>{63305a05-3b36-4b43-a96a-75530747019b}</UniqueIdentifier>
    </Filter>
    <Filter Include="Source Files\Render">
      <UniqueIdentifier>{c3c22149-5909-411e-923a-ea159c4a9a2f}</UniqueIdentifier>
    </Filter>
    <Filter Include="Source Files\Model">
      <UniqueIdentifier>{544de5c7-6401-42e5-8b87-8a657ed96f89}</UniqueIdentifier>
    </Filter>
    <Filter Include="Source Files\shaders">
      <UniqueIdentifier>{4d174a80-4d28-4d68-88fd-23a6d50ea80b}</UniqueIdentifier>
    </Filter>
    <Filter Include="Header Files\Model">
      <UniqueIdentifier>{5a7e0ce2-5c7e-41b3-a660-fd14a9828793}</UniqueIdentifier>
    </Filter>
    <Filter Include="Header Files\Render">
      <UniqueIdentifier>{ced54ae6-b0a3-418c-9bb0-9b3f8e8d1a25}</UniqueIdentifier>
    </Filter>
    <Filter Include="Header Files\Camera">
      <UniqueIdentifier>{1cecf186-6e54-494c-802b-ac2b2026c2ba}</UniqueIdentifier>
    </Filter>
    <Filter Include="Source Files\Camera">
      <UniqueIdentifier>{89bc1f21-f1bc-4bad-a5bf-b128b2fe214b}</UniqueIdentifier>
    </Filter>
    <Filter Include="Source Files\Mouse">
      <UniqueIdentifier>{4b2ef64b-2ccd-4156-bdb7-8f2d0928089b}</UniqueIdentifier>
    </Filter>
    <Filter Include="Header Files\Mouse">
      <UniqueIdentifier>{e674a8bd-a1ea-48c0-9357-1fcef4feaa61}</UniqueIdentifier>
    </Filter>
    <Filter Include="Header Files\Window">
      <UniqueIdentifier>{662bfcbc-fc77-4b2f-a493-11468fa52c05}</UniqueIdentifier>
    </Filter>
    <Filter Include="Source Files\Window">
      <UniqueIdentifier>{c5ce88d0-498d-4637-8bcc-af84c05c707d}</UniqueIdentifier>
    </Filter>
    <Filter Include="Source Files\Engine">
      <UniqueIdentifier>{8b98f675-1152-4c50-9afb-cecf3c469747}</UniqueIdentifier>
    </Filter>
    <Filter Include="Header Files\Engine">
      <UniqueIdentifier>{23755009-4a5d-4208-810a-f8f2b7a66e6e}</UniqueIdentifier>
    </Filter>
    <Filter Include="Source Files\Keyboard">
      <UniqueIdentifier>{f1ea658a-0ad3-4ea1-ba45-fab3544bd416}</UniqueIdentifier>
    </Filter>
    <Filter Include="Header Files\Keyboard">
      <UniqueIdentifier>{1a38411a-b2eb-4096-b01f-94467b3730b0}</UniqueIdentifier>
    </Filter>
    <Filter Include="Header Files\Sound">
      <UniqueIdentifier>{65ad2ebe-66ae-4dea-88ff-ed9edc670f41}</UniqueIdentifier>
    </Filter>
    <Filter Include="Source Files\Sound">
      <UniqueIdentifier>{8ad53869-2253-4e35-b91b-92810b450fcf}</UniqueIdentifier>
    </Filter>
  </ItemGroup>
  <ItemGroup>
    <ClCompile Include="Input\MouseClass.cpp">
      <Filter>Source Files\Mouse</Filter>
    </ClCompile>
    <ClCompile Include="Input\MouseEvent.cpp">
      <Filter>Source Files\Mouse</Filter>
    </ClCompile>
    <ClCompile Include="Window\RenderWindow.cpp">
      <Filter>Source Files\Window</Filter>
    </ClCompile>
    <ClCompile Include="Window\WindowContainer.cpp">
      <Filter>Source Files\Window</Filter>
    </ClCompile>
    <ClCompile Include="Input\inputmanager.cpp">
      <Filter>Source Files\Input</Filter>
    </ClCompile>
    <ClCompile Include="CoreCommon\log.cpp">
      <Filter>Source Files\Engine</Filter>
    </ClCompile>
    <ClCompile Include="Engine\Engine.cpp">
      <Filter>Source Files\Engine</Filter>
    </ClCompile>
    <ClCompile Include="Timers\cpuclass.cpp">
      <Filter>Source Files\Timers</Filter>
    </ClCompile>
    <ClCompile Include="UI\Text\fontclass.cpp">
      <Filter>Source Files\Text</Filter>
    </ClCompile>
    <ClCompile Include="Render\graphicsclass.cpp">
      <Filter>Source Files\Render</Filter>
    </ClCompile>
    <ClCompile Include="Input\KeyboardClass.cpp">
      <Filter>Source Files\Keyboard</Filter>
    </ClCompile>
    <ClCompile Include="Render\InitializeGraphics.cpp">
      <Filter>Source Files\Render</Filter>
    </ClCompile>
    <ClCompile Include="Engine\Settings.cpp">
      <Filter>Source Files\Engine</Filter>
    </ClCompile>
    <ClCompile Include="Sound\SoundClass.cpp">
      <Filter>Source Files\Sound</Filter>
    </ClCompile>
    <ClCompile Include="Model\TerrainClass.cpp">
      <Filter>Source Files\Model</Filter>
    </ClCompile>
    <ClCompile Include="Model\SkyDomeClass.cpp">
      <Filter>Source Files\Model</Filter>
    </ClCompile>
    <ClCompile Include="Model\TerrainCellClass.cpp">
      <Filter>Source Files</Filter>
    </ClCompile>
    <ClCompile Include="UI\UserInterface.cpp">
      <Filter>Source Files</Filter>
    </ClCompile>
    <ClCompile Include="Model\SkyPlaneClass.cpp">
      <Filter>Source Files</Filter>
    </ClCompile>
    <ClCompile Include="Engine\UtilsForDLL.cpp">
      <Filter>Source Files</Filter>
    </ClCompile>
    <ClCompile Include="2D\SpriteClass.cpp">
      <Filter>Source Files</Filter>
    </ClCompile>
    <ClCompile Include="Render\FrameBuffer.cpp">
      <Filter>Source Files</Filter>
    </ClCompile>
    <ClCompile Include="Physics\IntersectionWithGameObjects.cpp">
      <Filter>Source Files</Filter>
    </ClCompile>
    <ClCompile Include="Render\Color.cpp">
      <Filter>Source Files</Filter>
    </ClCompile>
    <ClCompile Include="CoreCommon\StringHelper.cpp">
      <Filter>Source Files\Engine</Filter>
    </ClCompile>
    <ClCompile Include="Texture\textureclass.cpp">
      <Filter>Source Files\Model</Filter>
    </ClCompile>
    <ClCompile Include="Texture\TextureMgr.cpp">
      <Filter>Source Files</Filter>
    </ClCompile>
    <ClCompile Include="Model\ModelImporter.cpp">
      <Filter>Source Files</Filter>
    </ClCompile>
    <ClCompile Include="Model\ModelMath.cpp">
      <Filter>Source Files\Model</Filter>
    </ClCompile>
    <ClCompile Include="UI\Text\TextStore.cpp">
      <Filter>Source Files\Text</Filter>
    </ClCompile>
    <ClCompile Include="Model\ModelsCreator.cpp">
      <Filter>Source Files</Filter>
    </ClCompile>
    <ClCompile Include="Timers\GameTimer.cpp">
      <Filter>Source Files\Timers</Filter>
    </ClCompile>
    <ClCompile Include="CoreCommon\EngineException.cpp">
      <Filter>Source Files</Filter>
    </ClCompile>
    <ClCompile Include="Model\GeometryGenerator.cpp">
      <Filter>Source Files</Filter>
    </ClCompile>
    <ClCompile Include="CoreCommon\MathHelper.cpp">
      <Filter>Source Files</Filter>
    </ClCompile>
    <ClCompile Include="Mesh\Vertex.cpp">
      <Filter>Source Files</Filter>
    </ClCompile>
    <ClCompile Include="Render\d3dclass.cpp">
      <Filter>Source Files</Filter>
    </ClCompile>
    <ClCompile Include="Render\AdapterReader.cpp">
      <Filter>Source Files</Filter>
    </ClCompile>
    <ClCompile Include="Engine\EventHandler.cpp">
      <Filter>Source Files</Filter>
    </ClCompile>
    <ClCompile Include="Render\RenderStates.cpp">
      <Filter>Source Files</Filter>
    </ClCompile>
    <ClCompile Include="Render\RenderDataPreparator.cpp">
      <Filter>Source Files</Filter>
    </ClCompile>
    <ClCompile Include="Model\ModelLoaderM3D.cpp">
      <Filter>Source Files</Filter>
    </ClCompile>
    <ClCompile Include="Mesh\MeshGeometry.cpp">
      <Filter>Source Files</Filter>
    </ClCompile>
    <ClCompile Include="Model\BasicModel.cpp">
      <Filter>Source Files</Filter>
    </ClCompile>
    <ClCompile Include="Model\ModelMgr.cpp">
      <Filter>Source Files</Filter>
    </ClCompile>
    <ClCompile Include="Model\ModelExporter.cpp">
      <Filter>Source Files</Filter>
    </ClCompile>
    <ClCompile Include="Model\ModelLoader.cpp">
      <Filter>Source Files</Filter>
    </ClCompile>
    <ClCompile Include="Engine\ProjectSaver.cpp">
      <Filter>Source Files</Filter>
    </ClCompile>
    <ClCompile Include="Model\SkyModel.cpp">
      <Filter>Source Files</Filter>
    </ClCompile>
    <ClCompile Include="UI\UICommon\FacadeEngineToUI.cpp">
      <Filter>Source Files</Filter>
    </ClCompile>
    <ClCompile Include="UI\Editor\Fog\FogEditorController.cpp">
      <Filter>Source Files</Filter>
    </ClCompile>
    <ClCompile Include="UI\Editor\Entity\Controller\EnttEditorController.cpp">
      <Filter>Source Files</Filter>
    </ClCompile>
    <ClCompile Include="UI\Editor\Entity\View\EnttTransformView.cpp">
      <Filter>Source Files</Filter>
    </ClCompile>
    <ClCompile Include="UI\Editor\Panels\EditorPanels.cpp">
      <Filter>Source Files</Filter>
    </ClCompile>
    <ClCompile Include="UI\Editor\MainMenuBar\MainMenuBar.cpp">
      <Filter>Source Files</Filter>
    </ClCompile>
    <ClCompile Include="ImGuizmo\ImGuizmo.cpp">
      <Filter>Source Files</Filter>
    </ClCompile>
    <ClCompile Include="ImGui\ImGuiLayer.cpp">
      <Filter>Source Files</Filter>
    </ClCompile>
    <ClCompile Include="UI\Editor\Entity\View\EnttLightView.cpp">
      <Filter>Source Files</Filter>
    </ClCompile>
    <ClCompile Include="Camera\Camera.cpp">
      <Filter>Source Files</Filter>
    </ClCompile>
    <ClCompile Include="Input\KeyboardEvent.cpp">
      <Filter>Source Files</Filter>
    </ClCompile>
    <ClCompile Include="UI\UICommon\EventsHistory.cpp">
      <Filter>Source Files</Filter>
    </ClCompile>
    <ClCompile Include="UI\Editor\Entity\Controller\EnttTransformController.cpp">
      <Filter>Source Files</Filter>
    </ClCompile>
    <ClCompile Include="UI\Editor\Entity\Controller\EnttSpotLightController.cpp">
      <Filter>Source Files</Filter>
    </ClCompile>
    <ClCompile Include="UI\Editor\Entity\Controller\EnttPointLightController.cpp">
      <Filter>Source Files</Filter>
    </ClCompile>
    <ClCompile Include="UI\Editor\Terrain\Sky\SkyController.cpp">
      <Filter>Source Files</Filter>
    </ClCompile>
    <ClCompile Include="UI\Editor\Terrain\Sky\SkyEditorView.cpp">
      <Filter>Source Files</Filter>
    </ClCompile>
    <ClCompile Include="UI\Editor\Terrain\Sky\SkyEditorModel.cpp">
      <Filter>Source Files</Filter>
    </ClCompile>
    <ClCompile Include="Model\ModelStorageSerializer.cpp">
      <Filter>Source Files</Filter>
    </ClCompile>
    <ClCompile Include="Tests\ECS\ECS_Tester.cpp">
      <Filter>Source Files</Filter>
    </ClCompile>
    <ClCompile Include="UI\Editor\Entity\Controller\EnttDirLightController.cpp">
      <Filter>Source Files</Filter>
    </ClCompile>
    <ClCompile Include="UI\Editor\Entity\Creator\EntityCreatorWnd.cpp">
      <Filter>Source Files</Filter>
    </ClCompile>
    <ClCompile Include="UI\Editor\EditorPanelElement\ModelsAssetsList.cpp">
      <Filter>Source Files</Filter>
    </ClCompile>
    <ClCompile Include="Mesh\MaterialMgr.cpp">
      <Filter>Source Files</Filter>
    </ClCompile>
    <ClCompile Include="UI\Editor\Entity\View\EnttComponentsEditor.cpp">
      <Filter>Source Files</Filter>
    </ClCompile>
    <ClCompile Include="UI\Editor\EditorPanelElement\TextureAssetsBrowser.cpp">
      <Filter>Source Files</Filter>
    </ClCompile>
  </ItemGroup>
  <ItemGroup>
    <ClInclude Include="Input\MouseClass.h">
      <Filter>Header Files\Mouse</Filter>
    </ClInclude>
    <ClInclude Include="Input\MouseEvent.h">
      <Filter>Header Files\Mouse</Filter>
    </ClInclude>
    <ClInclude Include="Window\RenderWindow.h">
      <Filter>Header Files\Window</Filter>
    </ClInclude>
    <ClInclude Include="Window\WindowContainer.h">
      <Filter>Header Files\Window</Filter>
    </ClInclude>
    <ClInclude Include="Input\inputmanager.h">
      <Filter>Header Files\Input</Filter>
    </ClInclude>
    <ClInclude Include="Input\inputlistener.h">
      <Filter>Header Files\Input</Filter>
    </ClInclude>
    <ClInclude Include="Input\inputcodes.h">
      <Filter>Header Files\Input</Filter>
    </ClInclude>
    <ClInclude Include="Engine\Engine.h">
      <Filter>Header Files\Engine</Filter>
    </ClInclude>
    <ClInclude Include="CoreCommon\log.h">
      <Filter>Header Files\Engine</Filter>
    </ClInclude>
    <ClInclude Include="Timers\cpuclass.h">
      <Filter>Header Files\Timers</Filter>
    </ClInclude>
    <ClInclude Include="UI\Text\fontclass.h">
      <Filter>Header Files\Text</Filter>
    </ClInclude>
    <ClInclude Include="Render\graphicsclass.h">
      <Filter>Header Files\Render</Filter>
    </ClInclude>
    <ClInclude Include="Input\KeyboardClass.h">
      <Filter>Header Files\Keyboard</Filter>
    </ClInclude>
    <ClInclude Include="CoreCommon\SystemState.h">
      <Filter>Header Files\Engine</Filter>
    </ClInclude>
    <ClInclude Include="Engine\Settings.h">
      <Filter>Header Files\Engine</Filter>
    </ClInclude>
    <ClInclude Include="Render\InitializeGraphics.h">
      <Filter>Header Files\Render</Filter>
    </ClInclude>
    <ClInclude Include="Sound\SoundClass.h">
      <Filter>Header Files\Sound</Filter>
    </ClInclude>
    <ClInclude Include="CoreCommon\EngineException.h">
      <Filter>Header Files\Engine</Filter>
    </ClInclude>
    <ClInclude Include="Model\TerrainClass.h">
      <Filter>Header Files</Filter>
    </ClInclude>
    <ClInclude Include="Model\SkyDomeClass.h">
      <Filter>Header Files</Filter>
    </ClInclude>
    <ClInclude Include="Model\TerrainCellClass.h">
      <Filter>Header Files</Filter>
    </ClInclude>
    <ClInclude Include="UI\UserInterface.h">
      <Filter>Header Files</Filter>
    </ClInclude>
    <ClInclude Include="UI\Text\SentenceType.h">
      <Filter>Header Files</Filter>
    </ClInclude>
    <ClInclude Include="Model\SkyPlaneClass.h">
      <Filter>Header Files</Filter>
    </ClInclude>
    <ClInclude Include="Engine\UtilsForDLL.h">
      <Filter>Header Files</Filter>
    </ClInclude>
    <ClInclude Include="2D\SpriteClass.h">
      <Filter>Header Files</Filter>
    </ClInclude>
    <ClInclude Include="Render\FrameBuffer.h">
      <Filter>Header Files</Filter>
    </ClInclude>
    <ClInclude Include="Physics\IntersectionWithGameObjects.h">
      <Filter>Header Files</Filter>
    </ClInclude>
    <ClInclude Include="Render\Color.h">
      <Filter>Header Files</Filter>
    </ClInclude>
    <ClInclude Include="CoreCommon\StringHelper.h">
      <Filter>Header Files\Engine</Filter>
    </ClInclude>
    <ClInclude Include="Mesh\Vertex.h">
      <Filter>Header Files\Model</Filter>
    </ClInclude>
    <ClInclude Include="Mesh\VertexBuffer.h">
      <Filter>Header Files\Model</Filter>
    </ClInclude>
    <ClInclude Include="Mesh\IndexBuffer.h">
      <Filter>Header Files\Model</Filter>
    </ClInclude>
    <ClInclude Include="Texture\textureclass.h">
      <Filter>Header Files\Model</Filter>
    </ClInclude>
    <ClInclude Include="Texture\TextureMgr.h">
      <Filter>Header Files</Filter>
    </ClInclude>
    <ClInclude Include="Model\ModelImporter.h">
      <Filter>Header Files</Filter>
    </ClInclude>
    <ClInclude Include="Model\ModelMath.h">
      <Filter>Header Files</Filter>
    </ClInclude>
    <ClInclude Include="UI\Text\TextStore.h">
      <Filter>Header Files\Text</Filter>
    </ClInclude>
    <ClInclude Include="Model\ModelsCreator.h">
      <Filter>Header Files</Filter>
    </ClInclude>
    <ClInclude Include="Model\ModelImporterHelpers.h">
      <Filter>Header Files</Filter>
    </ClInclude>
    <ClInclude Include="Timers\GameTimer.h">
      <Filter>Header Files\Timers</Filter>
    </ClInclude>
    <ClInclude Include="Engine\EventHandler.h">
      <Filter>Header Files</Filter>
    </ClInclude>
    <ClInclude Include="Engine\EventListener.h">
      <Filter>Header Files</Filter>
    </ClInclude>
    <ClInclude Include="Model\GeometryGenerator.h">
      <Filter>Header Files</Filter>
    </ClInclude>
    <ClInclude Include="CoreCommon\MathHelper.h">
      <Filter>Header Files</Filter>
    </ClInclude>
    <ClInclude Include="CoreCommon\Convert.h">
      <Filter>Header Files</Filter>
    </ClInclude>
    <ClInclude Include="ECS_Components\Transform.h">
      <Filter>Header Files</Filter>
    </ClInclude>
    <ClInclude Include="ECS_Components\Movement.h">
      <Filter>Header Files</Filter>
    </ClInclude>
    <ClInclude Include="ECS_System\TransformSystem.h">
      <Filter>Header Files</Filter>
    </ClInclude>
    <ClInclude Include="ECS_System\MoveSystem.h">
      <Filter>Header Files</Filter>
    </ClInclude>
    <ClInclude Include="ECS_Entity\EntityManager.h">
      <Filter>Header Files</Filter>
    </ClInclude>
    <ClInclude Include="ECS_Entity\ECS_Types.h">
      <Filter>Header Files</Filter>
    </ClInclude>
    <ClInclude Include="ECS_System\BaseSystem.h">
      <Filter>Header Files</Filter>
    </ClInclude>
    <ClInclude Include="ECS_Components\MeshComponent.h">
      <Filter>Header Files</Filter>
    </ClInclude>
    <ClInclude Include="Mesh\MeshHelperTypes.h">
      <Filter>Header Files</Filter>
    </ClInclude>
    <ClInclude Include="ECS_System\MeshSystem.h">
      <Filter>Header Files</Filter>
    </ClInclude>
    <ClInclude Include="ECS_Components\Rendered.h">
      <Filter>Header Files</Filter>
    </ClInclude>
    <ClInclude Include="ECS_System\RenderSystem.h">
      <Filter>Header Files</Filter>
    </ClInclude>
    <ClInclude Include="ECS_System\Helpers\MoveSystemUpdateHelpers.h">
      <Filter>Header Files</Filter>
    </ClInclude>
    <ClInclude Include="Render\InitGraphicsHelperDataTypes.h">
      <Filter>Header Files</Filter>
    </ClInclude>
    <ClInclude Include="Texture\TextureTypes.h">
      <Filter>Header Files</Filter>
    </ClInclude>
    <ClInclude Include="ECS_Components\WorldMatrix.h">
      <Filter>Header Files</Filter>
    </ClInclude>
    <ClInclude Include="ECS_Entity\Utils.h">
      <Filter>Header Files</Filter>
    </ClInclude>
    <ClInclude Include="CoreCommon\Types.h">
      <Filter>Header Files</Filter>
    </ClInclude>
    <ClInclude Include="CoreCommon\Utils.h">
      <Filter>Header Files</Filter>
    </ClInclude>
    <ClInclude Include="CoreCommon\Assert.h">
      <Filter>Header Files</Filter>
    </ClInclude>
    <ClInclude Include="CoreCommon\MemHelpers.h">
      <Filter>Header Files</Filter>
    </ClInclude>
    <ClInclude Include="Render\d3dclass.h">
      <Filter>Header Files</Filter>
    </ClInclude>
    <ClInclude Include="Render\AdapterReader.h">
      <Filter>Header Files</Filter>
    </ClInclude>
    <ClInclude Include="Render\RenderStates.h">
      <Filter>Header Files</Filter>
    </ClInclude>
    <ClInclude Include="Render\RenderDataPreparator.h">
      <Filter>Header Files</Filter>
    </ClInclude>
    <ClInclude Include="Model\ModelLoaderM3D.h">
      <Filter>Header Files</Filter>
    </ClInclude>
    <ClInclude Include="Mesh\MeshGeometry.h">
      <Filter>Header Files</Filter>
    </ClInclude>
    <ClInclude Include="Mesh\Material.h">
      <Filter>Header Files</Filter>
    </ClInclude>
    <ClInclude Include="CoreCommon\UtilsFilesystem.h">
      <Filter>Header Files</Filter>
    </ClInclude>
    <ClInclude Include="Model\BasicModel.h">
      <Filter>Header Files</Filter>
    </ClInclude>
    <ClInclude Include="Model\ModelMgr.h">
      <Filter>Header Files</Filter>
    </ClInclude>
    <ClInclude Include="Model\ModelExporter.h">
      <Filter>Header Files</Filter>
    </ClInclude>
    <ClInclude Include="Model\ModelLoader.h">
      <Filter>Header Files</Filter>
    </ClInclude>
    <ClInclude Include="CoreCommon\FileSystemPaths.h">
      <Filter>Header Files</Filter>
    </ClInclude>
    <ClInclude Include="Engine\ProjectSaver.h">
      <Filter>Header Files</Filter>
    </ClInclude>
    <ClInclude Include="Render\SetupModels.h">
      <Filter>Header Files</Filter>
    </ClInclude>
    <ClInclude Include="Model\SkyModel.h">
      <Filter>Header Files</Filter>
    </ClInclude>
    <ClInclude Include="UI\Editor\Terrain\Sky\SkyEditorModel.h">
      <Filter>Header Files</Filter>
    </ClInclude>
    <ClInclude Include="UI\Editor\Terrain\Sky\SkyEditorView.h">
      <Filter>Header Files</Filter>
    </ClInclude>
    <ClInclude Include="UI\UICommon\ICommand.h">
      <Filter>Header Files</Filter>
    </ClInclude>
    <ClInclude Include="UI\UICommon\Color.h">
      <Filter>Header Files</Filter>
    </ClInclude>
    <ClInclude Include="UI\UICommon\Vectors.h">
      <Filter>Header Files</Filter>
    </ClInclude>
    <ClInclude Include="UI\UICommon\IEditorController.h">
      <Filter>Header Files</Filter>
    </ClInclude>
    <ClInclude Include="UI\UICommon\IFacadeEngineToUI.h">
      <Filter>Header Files</Filter>
    </ClInclude>
    <ClInclude Include="UI\UICommon\FacadeEngineToUI.h">
      <Filter>Header Files</Filter>
    </ClInclude>
    <ClInclude Include="UI\Editor\Fog\FogEditorController.h">
      <Filter>Header Files</Filter>
    </ClInclude>
    <ClInclude Include="UI\Editor\Fog\FogEditorView.h">
      <Filter>Header Files</Filter>
    </ClInclude>
    <ClInclude Include="UI\Editor\Fog\FogEditorModel.h">
      <Filter>Header Files</Filter>
    </ClInclude>
    <ClInclude Include="UI\Editor\Debug\DebugEditor.h">
      <Filter>Header Files</Filter>
    </ClInclude>
    <ClInclude Include="UI\Editor\Entity\Controller\EnttEditorController.h">
      <Filter>Header Files</Filter>
    </ClInclude>
    <ClInclude Include="UI\Editor\Entity\Model\EnttTransformData.h">
      <Filter>Header Files</Filter>
    </ClInclude>
    <ClInclude Include="UI\Editor\Entity\View\EnttTransformView.h">
      <Filter>Header Files</Filter>
    </ClInclude>
    <ClInclude Include="UI\Editor\Panels\EditorPanels.h">
      <Filter>Header Files</Filter>
    </ClInclude>
    <ClInclude Include="UI\Editor\MainMenuBar\MainMenuBar.h">
      <Filter>Header Files</Filter>
    </ClInclude>
    <ClInclude Include="ImGuizmo\ImGuizmo.h">
      <Filter>Header Files</Filter>
    </ClInclude>
    <ClInclude Include="ImGui\ImGuiSrc\imconfig.h">
      <Filter>Header Files</Filter>
    </ClInclude>
    <ClInclude Include="ImGui\ImGuiSrc\imgui.h">
      <Filter>Header Files</Filter>
    </ClInclude>
    <ClInclude Include="ImGui\ImGuiSrc\imgui_internal.h">
      <Filter>Header Files</Filter>
    </ClInclude>
    <ClInclude Include="ImGui\ImGuiSrc\imstb_rectpack.h">
      <Filter>Header Files</Filter>
    </ClInclude>
    <ClInclude Include="ImGui\ImGuiSrc\imstb_textedit.h">
      <Filter>Header Files</Filter>
    </ClInclude>
    <ClInclude Include="ImGui\ImGuiSrc\imstb_truetype.h">
      <Filter>Header Files</Filter>
    </ClInclude>
    <ClInclude Include="ImGui\misc\cpp\imgui_stdlib.h">
      <Filter>Header Files</Filter>
    </ClInclude>
    <ClInclude Include="ImGui\misc\freetype\imgui_freetype.h">
      <Filter>Header Files</Filter>
    </ClInclude>
    <ClInclude Include="ImGui\misc\single_file\imgui_single_file.h">
      <Filter>Header Files</Filter>
    </ClInclude>
    <ClInclude Include="ImGui\ImGuiLayer.h">
      <Filter>Header Files</Filter>
    </ClInclude>
    <ClInclude Include="ImGui\imconfig.h">
      <Filter>Header Files</Filter>
    </ClInclude>
    <ClInclude Include="ImGui\imgui.h">
      <Filter>Header Files</Filter>
    </ClInclude>
    <ClInclude Include="ImGui\imgui_internal.h">
      <Filter>Header Files</Filter>
    </ClInclude>
    <ClInclude Include="ImGui\imstb_rectpack.h">
      <Filter>Header Files</Filter>
    </ClInclude>
    <ClInclude Include="ImGui\imstb_textedit.h">
      <Filter>Header Files</Filter>
    </ClInclude>
    <ClInclude Include="ImGui\imstb_truetype.h">
      <Filter>Header Files</Filter>
    </ClInclude>
    <ClInclude Include="ImGui\backends\imgui_impl_dx11.h">
      <Filter>Header Files</Filter>
    </ClInclude>
    <ClInclude Include="ImGui\backends\imgui_impl_win32.h">
      <Filter>Header Files</Filter>
    </ClInclude>
    <ClInclude Include="UI\Editor\Entity\View\EnttLightView.h">
      <Filter>Header Files</Filter>
    </ClInclude>
    <ClInclude Include="UI\Editor\Entity\Model\EnttLightData.h">
      <Filter>Header Files</Filter>
    </ClInclude>
    <ClInclude Include="Camera\Camera.h">
      <Filter>Header Files</Filter>
    </ClInclude>
    <ClInclude Include="UI\UICommon\StatesGUI.h">
      <Filter>Header Files</Filter>
    </ClInclude>
    <ClInclude Include="Input\KeyboardEvent.h">
      <Filter>Header Files</Filter>
    </ClInclude>
    <ClInclude Include="UI\UICommon\EventsHistory.h">
      <Filter>Header Files</Filter>
    </ClInclude>
    <ClInclude Include="UI\UICommon\EditorCommands.h">
      <Filter>Header Files</Filter>
    </ClInclude>
    <ClInclude Include="Engine\DumpGenerator.h">
      <Filter>Header Files</Filter>
    </ClInclude>
    <ClInclude Include="UI\Editor\Entity\Controller\EnttTransformController.h">
      <Filter>Header Files</Filter>
    </ClInclude>
    <ClInclude Include="UI\Editor\Entity\Controller\EnttPointLightController.h">
      <Filter>Header Files</Filter>
    </ClInclude>
    <ClInclude Include="UI\Editor\Entity\Controller\EnttSpotLightController.h">
      <Filter>Header Files</Filter>
    </ClInclude>
    <ClInclude Include="UI\Editor\Terrain\Sky\SkyController.h">
      <Filter>Header Files</Filter>
    </ClInclude>
    <ClInclude Include="Model\ModelStorageSerializer.h">
      <Filter>Header Files</Filter>
    </ClInclude>
    <ClInclude Include="Tests\ECS\ECS_Tester.h">
      <Filter>Header Files</Filter>
    </ClInclude>
    <ClInclude Include="Tests\ECS\HelperTypes.h">
      <Filter>Header Files</Filter>
    </ClInclude>
    <ClInclude Include="UI\Editor\Entity\Controller\EnttDirLightController.h">
      <Filter>Header Files</Filter>
    </ClInclude>
    <ClInclude Include="UI\Editor\Entity\Creator\EntityCreatorWnd.h">
      <Filter>Header Files</Filter>
    </ClInclude>
    <ClInclude Include="CoreCommon\cvector.h">
      <Filter>Header Files</Filter>
    </ClInclude>
    <ClInclude Include="UI\Editor\EditorPanelElement\ModelsAssetsList.h">
      <Filter>Header Files</Filter>
    </ClInclude>
    <ClInclude Include="Mesh\MaterialMgr.h">
      <Filter>Header Files</Filter>
    </ClInclude>
    <ClInclude Include="Texture\TextureTypesNames.h">
      <Filter>Header Files</Filter>
    </ClInclude>
    <ClInclude Include="UI\UICommon\Types.h">
      <Filter>Header Files</Filter>
    </ClInclude>
    <ClInclude Include="UI\UICommon\cvector.h">
      <Filter>Header Files</Filter>
    </ClInclude>
    <ClInclude Include="UI\Editor\Entity\Model\SelectedEnttData.h">
      <Filter>Header Files</Filter>
    </ClInclude>
    <ClInclude Include="UI\Editor\Entity\View\EnttComponentsEditor.h">
      <Filter>Header Files</Filter>
    </ClInclude>
    <ClInclude Include="UI\Editor\EditorPanelElement\TextureAssetsBrowser.h">
      <Filter>Header Files</Filter>
    </ClInclude>
  </ItemGroup>
  <ItemGroup>
    <None Include="ECS_Entity\EntityManagerInlineFunc.inl">
      <Filter>Header Files</Filter>
    </None>
  </ItemGroup>
  <ItemGroup>
    <Image Include="data\terrain\colormap03.bmp">
      <Filter>Resource Files</Filter>
    </Image>
    <Image Include="data\terrain\colormap04.bmp">
      <Filter>Resource Files</Filter>
    </Image>
    <Image Include="data\textures\seafloor.dds">
      <Filter>Source Files</Filter>
    </Image>
  </ItemGroup>
  <ItemGroup>
    <Text Include="data\models\square.txt">
      <Filter>Source Files\shaders</Filter>
    </Text>
    <Text Include="data\models\sprite_data_01.txt" />
    <Text Include="data\models\sprite_crosshair.txt" />
  </ItemGroup>
</Project>